{
  "nodes": {
    "caelestia-cli": {
      "inputs": {
        "caelestia-shell": "caelestia-shell",
        "nixpkgs": [
          "nixpkgs"
        ]
      },
      "locked": {
        "lastModified": 1788494381,
        "narHash": "sha256-Nj70iXtzbLBTtmaDs0SJVvtKfRxY60BAaQG2Z1ItUcc=",
        "owner": "caelestia-dots",
        "repo": "cli",
        "rev": "26251fa2289cdc63191a5ca4d2cf9de3a04004a9",
        "type": "github"
      },
      "original": {
        "owner": "caelestia-dots",
        "repo": "cli",
        "type": "github"
      }
    },
    "caelestia-cli_2": {
      "inputs": {
        "caelestia-shell": [
          "caelestia-shell"
        ],
        "nixpkgs": [
          "caelestia-shell",
          "nixpkgs"
        ]
      },
      "locked": {
        "lastModified": 1787985728,
        "narHash": "sha256-qKYq/NmpxLKn2ZcxNUGx7PgVlmxW833xKZ3Hngvvnro=",
        "owner": "caelestia-dots",
        "repo": "cli",
        "rev": "56f404c61dff30d698961780aefcf48bd4dd7b86",
        "type": "github"
      },
      "original": {
        "owner": "caelestia-dots",
        "repo": "cli",
        "type": "github"
      }
    },
    "caelestia-shell": {
      "inputs": {
        "caelestia-cli": [
          "caelestia-cli"
        ],
        "m3shapes": "m3shapes",
        "nixpkgs": [
          "caelestia-cli",
          "nixpkgs"
        ],
        "quickshell": "quickshell"
      },
      "locked": {
        "lastModified": 1788345123,
        "narHash": "sha256-cIsKqL6nUAVHtMcMePf+iQOhkyIhLYR47XtcZpeSTXI=",
        "owner": "caelestia-dots",
        "repo": "shell",
        "rev": "750e67d93ac12b264cb8cbc3a1f2b8f429c923c2",
        "type": "github"
      },
      "original": {
        "owner": "caelestia-dots",
        "repo": "shell",
        "type": "github"
      }
    },
    "caelestia-shell_2": {
      "inputs": {
        "caelestia-cli": "caelestia-cli_2",
        "m3shapes": "m3shapes_2",
        "nixpkgs": [
          "nixpkgs"
        ],
        "quickshell": "quickshell_2"
      },
      "locked": {
        "lastModified": 1788621182,
        "narHash": "sha256-3IdMh2IDc6MNb0pmrlSsZ6jr39unDWFSkFPkZdDadf8=",
        "owner": "caelestia-dots",
        "repo": "shell",
        "rev": "27b41634cbbf1a62d0709678bdb7d9346a016d18",
        "type": "github"
      },
      "original": {
        "owner": "caelestia-dots",
        "repo": "shell",
        "type": "github"
      }
    },
    "flake-compat": {
      "flake": false,
      "locked": {
        "lastModified": 1777699697,
        "narHash": "sha256-Eg9b/rq/ECYwNwEXs5i9wHyhxNI0JrYx2srdI2uZMaQ=",
        "rev": "382052b74656a369c5408822af3f2501e9b1af81",
        "type": "tarball",
        "url": "https://git.lix.systems/api/v1/repos/lix-project/flake-compat/archive/382052b74656a369c5408822af3f2501e9b1af81.tar.gz?rev=382052b74656a369c5408822af3f2501e9b1af81"
      },
      "original": {
        "type": "tarball",
        "url": "https://git.lix.systems/lix-project/flake-compat/archive/main.tar.gz"
      }
    },
    "flake-parts": {
      "inputs": {
        "nixpkgs-lib": "nixpkgs-lib"
      },
      "locked": {
        "lastModified": 1787559586,
        "narHash": "sha256-onL0VLf9vPllmT0H/OlURIU5r5t5WIEl7t4tVNKT0Nw=",
        "owner": "hercules-ci",
        "repo": "flake-parts",
        "rev": "9d0d87172c374f89da73c1cfe6d81ae62feac1f1",
        "type": "github"
      },
      "original": {
        "owner": "hercules-ci",
        "repo": "flake-parts",
        "type": "github"
      }
    },
    "git-hooks": {
      "inputs": {
        "flake-compat": [
          "nix-citizen",
          "nix-gaming",
          "flake-compat"
        ],
        "nixpkgs": [
          "nix-citizen",
          "nix-gaming",
          "nixpkgs"
        ]
      },
      "locked": {
        "lastModified": 1787424939,
        "narHash": "sha256-O2tBn84NNuHrnqNVxx/XqsXwfYvS1YwBh+7CBnbCYsk=",
        "owner": "cachix",
        "repo": "git-hooks.nix",
        "rev": "809414f0cdadf82cf11b06c2b29ba9b3168b3297",
        "type": "github"
      },
      "original": {
        "owner": "cachix",
        "repo": "git-hooks.nix",
        "type": "github"
      }
    },
    "home-manager": {
      "inputs": {
        "nixpkgs": [
          "nixpkgs"
        ]
      },
      "locked": {
        "lastModified": 1788620682,
        "narHash": "sha256-qdXXcNrxlA35KvMH8yxlQen3pyJnV7yMDbv1QOOIOBQ=",
        "owner": "nix-community",
        "repo": "home-manager",
        "rev": "8381f3481e4424ea0b53c9e7469c14da799d5822",
        "type": "github"
      },
      "original": {
        "owner": "nix-community",
        "repo": "home-manager",
        "type": "github"
      }
    },
    "m3shapes": {
      "inputs": {
        "nixpkgs": [
          "caelestia-cli",
          "caelestia-shell",
          "nixpkgs"
        ]
      },
      "locked": {
        "lastModified": 1787906858,
        "narHash": "sha256-YZelgEZflFNwGutX4/tIzBdbOeghJgE2oDw0uWYGxns=",
        "owner": "soramanew",
        "repo": "m3shapes",
        "rev": "32ad9ce328bb77ed349b40a3be10ee9ea610b8ab",
        "type": "github"
      },
      "original": {
        "owner": "soramanew",
        "repo": "m3shapes",
        "rev": "32ad9ce328bb77ed349b40a3be10ee9ea610b8ab",
        "type": "github"
      }
    },
    "m3shapes_2": {
      "inputs": {
        "nixpkgs": [
          "caelestia-shell",
          "nixpkgs"
        ]
      },
      "locked": {
        "lastModified": 1787906858,
        "narHash": "sha256-YZelgEZflFNwGutX4/tIzBdbOeghJgE2oDw0uWYGxns=",
        "owner": "soramanew",
        "repo": "m3shapes",
        "rev": "32ad9ce328bb77ed349b40a3be10ee9ea610b8ab",
        "type": "github"
      },
      "original": {
        "owner": "soramanew",
        "repo": "m3shapes",
        "rev": "32ad9ce328bb77ed349b40a3be10ee9ea610b8ab",
        "type": "github"
      }
    },
    "nix-citizen": {
      "inputs": {
        "flake-compat": "flake-compat",
        "nix-gaming": "nix-gaming",
        "nixpkgs": [
          "nixpkgs"
        ],
        "treefmt-nix": "treefmt-nix"
      },
      "locked": {
        "lastModified": 1788562485,
        "narHash": "sha256-tOCjZk7HheGqcyPtEWnMjCO6W9dZI6ATo/RpMsASeLg=",
        "owner": "LovingMelody",
        "repo": "nix-citizen",
        "rev": "4d6a91388f113ecdd8aff478a50b947c584b0b2f",
        "type": "github"
      },
      "original": {
        "owner": "LovingMelody",
        "repo": "nix-citizen",
        "type": "github"
      }
    },
    "nix-gaming": {
      "inputs": {
        "flake-compat": [
          "nix-citizen",
          "flake-compat"
        ],
        "flake-parts": "flake-parts",
        "git-hooks": "git-hooks",
        "nixpkgs": [
          "nix-citizen",
          "nixpkgs"
        ]
      },
      "locked": {
        "lastModified": 1788236945,
        "narHash": "sha256-MmEtOeX/RQlnan/jIgjFhm1j7KUKv8p5o7zRsXEEq3g=",
        "owner": "fufexan",
        "repo": "nix-gaming",
        "rev": "f4434220501c23e7154bca5262e5b2fd7efa4490",
        "type": "github"
      },
      "original": {
        "owner": "fufexan",
        "repo": "nix-gaming",
        "type": "github"
      }
    },
    "nixpkgs": {
      "locked": {
        "lastModified": 1788531059,
        "narHash": "sha256-hLD4l3QOGBQhkVp3mQ2lJ/YbEi99qUgKapb40KovZ88=",
        "owner": "nixos",
        "repo": "nixpkgs",
        "rev": "801bef6abd86b91e51083066b83fb354a11fc640",
        "type": "github"
      },
      "original": {
        "owner": "nixos",
        "ref": "nixos-unstable",
        "repo": "nixpkgs",
        "type": "github"
      }
    },
    "nixpkgs-lib": {
      "locked": {
        "lastModified": 1785031560,
        "narHash": "sha256-OmshNvn2vupOFpYinLUu+1Dnpu4n7Q5N3ggGVNHpkUI=",
        "owner": "nix-community",
        "repo": "nixpkgs.lib",
        "rev": "0e79af5e3d4dcfcd676ab5ba3f95d2e3352e078c",
        "type": "github"
      },
      "original": {
        "owner": "nix-community",
        "repo": "nixpkgs.lib",
        "type": "github"
      }
    },
    "quickshell": {
      "inputs": {
        "nixpkgs": [
          "caelestia-cli",
          "caelestia-shell",
          "nixpkgs"
        ]
      },
      "locked": {
        "lastModified": 1787994703,
        "narHash": "sha256-6SUZyyALo19heYPa/Xmu2H4zV+wvdfVX4fTcqbgHRnI=",
        "ref": "refs/heads/master",
        "rev": "2d3b3e9c70ef380dff751b61d334dc88df016c29",
        "revCount": 856,
        "type": "git",
        "url": "https://git.outfoxxed.me/outfoxxed/quickshell"
      },
      "original": {
        "type": "git",
        "url": "https://git.outfoxxed.me/outfoxxed/quickshell"
      }
    },
    "quickshell_2": {
      "inputs": {
        "nixpkgs": [
          "caelestia-shell",
          "nixpkgs"
        ]
      },
      "locked": {
        "lastModified": 1787994703,
        "narHash": "sha256-6SUZyyALo19heYPa/Xmu2H4zV+wvdfVX4fTcqbgHRnI=",
        "ref": "refs/heads/master",
        "rev": "2d3b3e9c70ef380dff751b61d334dc88df016c29",
        "revCount": 856,
        "type": "git",
        "url": "https://git.outfoxxed.me/outfoxxed/quickshell"
      },
      "original": {
        "type": "git",
        "url": "https://git.outfoxxed.me/outfoxxed/quickshell"
      }
    },
    "root": {
      "inputs": {
        "caelestia-cli": "caelestia-cli",
        "caelestia-shell": "caelestia-shell_2",
        "home-manager": "home-manager",
        "nix-citizen": "nix-citizen",
        "nixpkgs": "nixpkgs"
      }
    },
    "treefmt-nix": {
      "inputs": {
        "nixpkgs": [
          "nix-citizen",
          "nixpkgs"
        ]
      },
      "locked": {
        "lastModified": 1786901030,
        "narHash": "sha256-WSFCsDSE5ffgD2MqzkM2CYjeFiKhRF/dJUN8uedb6YE=",
        "owner": "numtide",
        "repo": "treefmt-nix",
        "rev": "27b3b12a8e6375f28ebe122f07d230ca5459bbfa",
        "type": "github"
      },
      "original": {
        "owner": "numtide",
        "repo": "treefmt-nix",
        "type": "github"
      }
    }
  },
  "root": "root",
  "version": 7
}
